{
    "_readme": [
        "This file locks the dependencies of your project to a known state",
        "Read more about it at https://getcomposer.org/doc/01-basic-usage.md#composer-lock-the-lock-file",
        "This file is @generated automatically"
    ],
    "hash": "875347672c13ee3bc112e9e87cd2d204",
    "content-hash": "270a02ed96e998ed94b0f6c538408a17",
    "packages": [
        {
            "name": "easybook/geshi",
            "version": "v1.0.8.17",
            "source": {
                "type": "git",
                "url": "https://github.com/easybook/geshi.git",
                "reference": "0fced4f530c0a1726588651f04c2bf2a3073c9c0"
            },
            "dist": {
                "type": "zip",
                "url": "https://api.github.com/repos/easybook/geshi/zipball/0fced4f530c0a1726588651f04c2bf2a3073c9c0",
                "reference": "0fced4f530c0a1726588651f04c2bf2a3073c9c0",
                "shasum": ""
            },
            "require": {
                "php": ">4.3.0"
            },
            "type": "library",
            "autoload": {
                "classmap": [
                    "./"
                ]
            },
            "notification-url": "https://packagist.org/downloads/",
            "license": [
                "GPL-2.0"
            ],
            "authors": [
                {
                    "name": "Nigel McNie",
                    "email": "nigel@geshi.org"
                },
                {
                    "name": "Benny Baumann",
                    "email": "BenBE@geshi.org"
                }
            ],
            "description": "GeSHi - Generic Syntax Highlighter. This is an unmodified port of GeSHi project code found on SourceForge.",
            "homepage": "http://qbnz.com/highlighter",
            "keywords": [
                "highlight",
                "highlighter",
                "syntax"
            ],
            "time": "2016-03-29 13:15:17"
        },
        {
            "name": "javiereguiluz/easyslugger",
            "version": "v1.0.0",
            "source": {
                "type": "git",
                "url": "https://github.com/javiereguiluz/EasySlugger.git",
                "reference": "11524a3fd70e3f0c98043755a0ffa228f2529211"
            },
            "dist": {
                "type": "zip",
                "url": "https://api.github.com/repos/javiereguiluz/EasySlugger/zipball/11524a3fd70e3f0c98043755a0ffa228f2529211",
                "reference": "11524a3fd70e3f0c98043755a0ffa228f2529211",
                "shasum": ""
            },
            "require": {
                "php": ">=5.3.3"
            },
            "type": "library",
            "autoload": {
                "psr-4": {
                    "EasySlugger\\": "src/"
                }
            },
            "notification-url": "https://packagist.org/downloads/",
            "license": [
                "MIT"
            ],
            "description": "A fast and easy to use slugger with full UTF-8 support.",
            "time": "2015-04-12 19:57:10"
        },
        {
            "name": "michelf/php-markdown",
            "version": "1.6.0",
            "source": {
                "type": "git",
                "url": "https://github.com/michelf/php-markdown.git",
                "reference": "156e56ee036505ec637d761ee62dc425d807183c"
            },
            "dist": {
                "type": "zip",
                "url": "https://api.github.com/repos/michelf/php-markdown/zipball/156e56ee036505ec637d761ee62dc425d807183c",
                "reference": "156e56ee036505ec637d761ee62dc425d807183c",
                "shasum": ""
            },
            "require": {
                "php": ">=5.3.0"
            },
            "type": "library",
            "extra": {
                "branch-alias": {
                    "dev-lib": "1.4.x-dev"
                }
            },
            "autoload": {
                "psr-0": {
                    "Michelf": ""
                }
            },
            "notification-url": "https://packagist.org/downloads/",
            "license": [
                "BSD-3-Clause"
            ],
            "authors": [
                {
                    "name": "Michel Fortin",
                    "email": "michel.fortin@michelf.ca",
                    "homepage": "https://michelf.ca/",
                    "role": "Developer"
                },
                {
                    "name": "John Gruber",
                    "homepage": "https://daringfireball.net/"
                }
            ],
            "description": "PHP Markdown",
            "homepage": "https://michelf.ca/projects/php-markdown/",
            "keywords": [
                "markdown"
            ],
            "time": "2015-12-24 01:37:31"
        },
        {
            "name": "pimple/pimple",
            "version": "v3.0.2",
            "source": {
                "type": "git",
                "url": "https://github.com/silexphp/Pimple.git",
                "reference": "a30f7d6e57565a2e1a316e1baf2a483f788b258a"
            },
            "dist": {
                "type": "zip",
                "url": "https://api.github.com/repos/silexphp/Pimple/zipball/a30f7d6e57565a2e1a316e1baf2a483f788b258a",
                "reference": "a30f7d6e57565a2e1a316e1baf2a483f788b258a",
                "shasum": ""
            },
            "require": {
                "php": ">=5.3.0"
            },
            "type": "library",
            "extra": {
                "branch-alias": {
                    "dev-master": "3.0.x-dev"
                }
            },
            "autoload": {
                "psr-0": {
                    "Pimple": "src/"
                }
            },
            "notification-url": "https://packagist.org/downloads/",
            "license": [
                "MIT"
            ],
            "authors": [
                {
                    "name": "Fabien Potencier",
                    "email": "fabien@symfony.com"
                }
            ],
            "description": "Pimple, a simple Dependency Injection Container",
            "homepage": "http://pimple.sensiolabs.org",
            "keywords": [
                "container",
                "dependency injection"
            ],
            "time": "2015-09-11 15:10:35"
        },
        {
            "name": "symfony/console",
            "version": "v2.8.7",
            "source": {
                "type": "git",
                "url": "https://github.com/symfony/console.git",
                "reference": "5ac8bc9aa77bb2edf06af3a1bb6bc1020d23acd3"
            },
            "dist": {
                "type": "zip",
                "url": "https://api.github.com/repos/symfony/console/zipball/5ac8bc9aa77bb2edf06af3a1bb6bc1020d23acd3",
                "reference": "5ac8bc9aa77bb2edf06af3a1bb6bc1020d23acd3",
                "shasum": ""
            },
            "require": {
                "php": ">=5.3.9",
                "symfony/polyfill-mbstring": "~1.0"
            },
            "require-dev": {
                "psr/log": "~1.0",
                "symfony/event-dispatcher": "~2.1|~3.0.0",
                "symfony/process": "~2.1|~3.0.0"
            },
            "suggest": {
                "psr/log": "For using the console logger",
                "symfony/event-dispatcher": "",
                "symfony/process": ""
            },
            "type": "library",
            "extra": {
                "branch-alias": {
                    "dev-master": "2.8-dev"
                }
            },
            "autoload": {
                "psr-4": {
                    "Symfony\\Component\\Console\\": ""
                },
                "exclude-from-classmap": [
                    "/Tests/"
                ]
            },
            "notification-url": "https://packagist.org/downloads/",
            "license": [
                "MIT"
            ],
            "authors": [
                {
                    "name": "Fabien Potencier",
                    "email": "fabien@symfony.com"
                },
                {
                    "name": "Symfony Community",
                    "homepage": "https://symfony.com/contributors"
                }
            ],
            "description": "Symfony Console Component",
            "homepage": "https://symfony.com",
            "time": "2016-06-06 15:06:25"
        },
        {
            "name": "symfony/event-dispatcher",
            "version": "v2.8.7",
            "source": {
                "type": "git",
                "url": "https://github.com/symfony/event-dispatcher.git",
                "reference": "2a6b8713f8bdb582058cfda463527f195b066110"
            },
            "dist": {
                "type": "zip",
                "url": "https://api.github.com/repos/symfony/event-dispatcher/zipball/2a6b8713f8bdb582058cfda463527f195b066110",
                "reference": "2a6b8713f8bdb582058cfda463527f195b066110",
                "shasum": ""
            },
            "require": {
                "php": ">=5.3.9"
            },
            "require-dev": {
                "psr/log": "~1.0",
                "symfony/config": "~2.0,>=2.0.5|~3.0.0",
                "symfony/dependency-injection": "~2.6|~3.0.0",
                "symfony/expression-language": "~2.6|~3.0.0",
                "symfony/stopwatch": "~2.3|~3.0.0"
            },
            "suggest": {
                "symfony/dependency-injection": "",
                "symfony/http-kernel": ""
            },
            "type": "library",
            "extra": {
                "branch-alias": {
                    "dev-master": "2.8-dev"
                }
            },
            "autoload": {
                "psr-4": {
                    "Symfony\\Component\\EventDispatcher\\": ""
                },
                "exclude-from-classmap": [
                    "/Tests/"
                ]
            },
            "notification-url": "https://packagist.org/downloads/",
            "license": [
                "MIT"
            ],
            "authors": [
                {
                    "name": "Fabien Potencier",
                    "email": "fabien@symfony.com"
                },
                {
                    "name": "Symfony Community",
                    "homepage": "https://symfony.com/contributors"
                }
            ],
            "description": "Symfony EventDispatcher Component",
            "homepage": "https://symfony.com",
            "time": "2016-06-06 11:11:27"
        },
        {
            "name": "symfony/filesystem",
            "version": "v2.8.7",
            "source": {
                "type": "git",
                "url": "https://github.com/symfony/filesystem.git",
                "reference": "dee379131dceed90a429e951546b33edfe7dccbb"
            },
            "dist": {
                "type": "zip",
                "url": "https://api.github.com/repos/symfony/filesystem/zipball/dee379131dceed90a429e951546b33edfe7dccbb",
                "reference": "dee379131dceed90a429e951546b33edfe7dccbb",
                "shasum": ""
            },
            "require": {
                "php": ">=5.3.9"
            },
            "type": "library",
            "extra": {
                "branch-alias": {
                    "dev-master": "2.8-dev"
                }
            },
            "autoload": {
                "psr-4": {
                    "Symfony\\Component\\Filesystem\\": ""
                },
                "exclude-from-classmap": [
                    "/Tests/"
                ]
            },
            "notification-url": "https://packagist.org/downloads/",
            "license": [
                "MIT"
            ],
            "authors": [
                {
                    "name": "Fabien Potencier",
                    "email": "fabien@symfony.com"
                },
                {
                    "name": "Symfony Community",
                    "homepage": "https://symfony.com/contributors"
                }
            ],
            "description": "Symfony Filesystem Component",
            "homepage": "https://symfony.com",
            "time": "2016-04-12 18:01:21"
        },
        {
            "name": "symfony/finder",
            "version": "v2.8.7",
            "source": {
                "type": "git",
                "url": "https://github.com/symfony/finder.git",
                "reference": "3ec095fab1800222732ca522a95dce8fa124007b"
            },
            "dist": {
                "type": "zip",
                "url": "https://api.github.com/repos/symfony/finder/zipball/3ec095fab1800222732ca522a95dce8fa124007b",
                "reference": "3ec095fab1800222732ca522a95dce8fa124007b",
                "shasum": ""
            },
            "require": {
                "php": ">=5.3.9"
            },
            "type": "library",
            "extra": {
                "branch-alias": {
                    "dev-master": "2.8-dev"
                }
            },
            "autoload": {
                "psr-4": {
                    "Symfony\\Component\\Finder\\": ""
                },
                "exclude-from-classmap": [
                    "/Tests/"
                ]
            },
            "notification-url": "https://packagist.org/downloads/",
            "license": [
                "MIT"
            ],
            "authors": [
                {
                    "name": "Fabien Potencier",
                    "email": "fabien@symfony.com"
                },
                {
                    "name": "Symfony Community",
                    "homepage": "https://symfony.com/contributors"
                }
            ],
            "description": "Symfony Finder Component",
            "homepage": "https://symfony.com",
            "time": "2016-06-06 11:11:27"
        },
        {
            "name": "symfony/polyfill-mbstring",
            "version": "v1.2.0",
            "source": {
                "type": "git",
                "url": "https://github.com/symfony/polyfill-mbstring.git",
                "reference": "dff51f72b0706335131b00a7f49606168c582594"
            },
            "dist": {
                "type": "zip",
                "url": "https://api.github.com/repos/symfony/polyfill-mbstring/zipball/dff51f72b0706335131b00a7f49606168c582594",
                "reference": "dff51f72b0706335131b00a7f49606168c582594",
                "shasum": ""
            },
            "require": {
                "php": ">=5.3.3"
            },
            "suggest": {
                "ext-mbstring": "For best performance"
            },
            "type": "library",
            "extra": {
                "branch-alias": {
                    "dev-master": "1.2-dev"
                }
            },
            "autoload": {
                "psr-4": {
                    "Symfony\\Polyfill\\Mbstring\\": ""
                },
                "files": [
                    "bootstrap.php"
                ]
            },
            "notification-url": "https://packagist.org/downloads/",
            "license": [
                "MIT"
            ],
            "authors": [
                {
                    "name": "Nicolas Grekas",
                    "email": "p@tchwork.com"
                },
                {
                    "name": "Symfony Community",
                    "homepage": "https://symfony.com/contributors"
                }
            ],
            "description": "Symfony polyfill for the Mbstring extension",
            "homepage": "https://symfony.com",
            "keywords": [
                "compatibility",
                "mbstring",
                "polyfill",
                "portable",
                "shim"
            ],
            "time": "2016-05-18 14:26:46"
        },
        {
            "name": "symfony/process",
            "version": "v2.8.7",
            "source": {
                "type": "git",
                "url": "https://github.com/symfony/process.git",
                "reference": "115347d00c342198cdc52a7bd8bc15b5ab43500c"
            },
            "dist": {
                "type": "zip",
                "url": "https://api.github.com/repos/symfony/process/zipball/115347d00c342198cdc52a7bd8bc15b5ab43500c",
                "reference": "115347d00c342198cdc52a7bd8bc15b5ab43500c",
                "shasum": ""
            },
            "require": {
                "php": ">=5.3.9"
            },
            "type": "library",
            "extra": {
                "branch-alias": {
                    "dev-master": "2.8-dev"
                }
            },
            "autoload": {
                "psr-4": {
                    "Symfony\\Component\\Process\\": ""
                },
                "exclude-from-classmap": [
                    "/Tests/"
                ]
            },
            "notification-url": "https://packagist.org/downloads/",
            "license": [
                "MIT"
            ],
            "authors": [
                {
                    "name": "Fabien Potencier",
                    "email": "fabien@symfony.com"
                },
                {
                    "name": "Symfony Community",
                    "homepage": "https://symfony.com/contributors"
                }
            ],
            "description": "Symfony Process Component",
            "homepage": "https://symfony.com",
            "time": "2016-06-06 11:11:27"
        },
        {
            "name": "symfony/yaml",
            "version": "v2.8.7",
            "source": {
                "type": "git",
                "url": "https://github.com/symfony/yaml.git",
                "reference": "815fabf3f48c7d1df345a69d1ad1a88f59757b34"
            },
            "dist": {
                "type": "zip",
                "url": "https://api.github.com/repos/symfony/yaml/zipball/815fabf3f48c7d1df345a69d1ad1a88f59757b34",
                "reference": "815fabf3f48c7d1df345a69d1ad1a88f59757b34",
                "shasum": ""
            },
            "require": {
                "php": ">=5.3.9"
            },
            "type": "library",
            "extra": {
                "branch-alias": {
                    "dev-master": "2.8-dev"
                }
            },
            "autoload": {
                "psr-4": {
                    "Symfony\\Component\\Yaml\\": ""
                },
                "exclude-from-classmap": [
                    "/Tests/"
                ]
            },
            "notification-url": "https://packagist.org/downloads/",
            "license": [
                "MIT"
            ],
            "authors": [
                {
                    "name": "Fabien Potencier",
                    "email": "fabien@symfony.com"
                },
                {
                    "name": "Symfony Community",
                    "homepage": "https://symfony.com/contributors"
                }
            ],
            "description": "Symfony Yaml Component",
            "homepage": "https://symfony.com",
            "time": "2016-06-06 11:11:27"
        },
        {
            "name": "twig/twig",
            "version": "v1.24.1",
            "source": {
                "type": "git",
                "url": "https://github.com/twigphp/Twig.git",
                "reference": "3566d311a92aae4deec6e48682dc5a4528c4a512"
            },
            "dist": {
                "type": "zip",
                "url": "https://api.github.com/repos/twigphp/Twig/zipball/3566d311a92aae4deec6e48682dc5a4528c4a512",
                "reference": "3566d311a92aae4deec6e48682dc5a4528c4a512",
                "shasum": ""
            },
            "require": {
                "php": ">=5.2.7"
            },
            "require-dev": {
                "symfony/debug": "~2.7",
                "symfony/phpunit-bridge": "~2.7"
            },
            "type": "library",
            "extra": {
                "branch-alias": {
                    "dev-master": "1.24-dev"
                }
            },
            "autoload": {
                "psr-0": {
                    "Twig_": "lib/"
                }
            },
            "notification-url": "https://packagist.org/downloads/",
            "license": [
                "BSD-3-Clause"
            ],
            "authors": [
                {
                    "name": "Fabien Potencier",
                    "email": "fabien@symfony.com",
                    "homepage": "http://fabien.potencier.org",
                    "role": "Lead Developer"
                },
                {
                    "name": "Armin Ronacher",
                    "email": "armin.ronacher@active-4.com",
                    "role": "Project Founder"
                },
                {
                    "name": "Twig Team",
                    "homepage": "http://twig.sensiolabs.org/contributors",
                    "role": "Contributors"
                }
            ],
            "description": "Twig, the flexible, fast, and secure template language for PHP",
            "homepage": "http://twig.sensiolabs.org",
            "keywords": [
                "templating"
            ],
            "time": "2016-05-30 09:11:59"
        },
        {
            "name": "zendframework/zend-memory",
            "version": "2.2.10",
            "source": {
                "type": "git",
                "url": "https://github.com/zendframework/zend-memory.git",
                "reference": "e19c0fe0fa85f8ed00e710d03f77c0246c049444"
            },
            "dist": {
                "type": "zip",
                "url": "https://api.github.com/repos/zendframework/zend-memory/zipball/e19c0fe0fa85f8ed00e710d03f77c0246c049444",
                "reference": "e19c0fe0fa85f8ed00e710d03f77c0246c049444",
                "shasum": ""
            },
            "require": {
                "php": ">=5.3.3"
            },
            "require-dev": {
                "fabpot/php-cs-fixer": "1.7.*",
                "phpunit/phpunit": "~4.0",
                "satooshi/php-coveralls": "dev-master",
                "zendframework/zend-cache": "self.version"
            },
            "suggest": {
                "zendframework/zend-cache": "To support swap the memory objects"
            },
            "type": "library",
            "extra": {
                "branch-alias": {
                    "dev-master": "2.2-dev",
                    "dev-develop": "2.3-dev"
                }
            },
            "autoload": {
                "psr-4": {
                    "Zend\\Memory\\": "src/"
                }
            },
            "notification-url": "https://packagist.org/downloads/",
            "license": [
                "BSD-3-Clause"
            ],
            "homepage": "https://github.com/zendframework/zend-memory",
            "keywords": [
                "memory",
                "zf2"
            ],
            "time": "2014-03-05 17:29:35"
        },
        {
            "name": "zendframework/zend-stdlib",
            "version": "2.2.10",
            "source": {
                "type": "git",
                "url": "https://github.com/zendframework/zend-stdlib.git",
                "reference": "b42d784bd142e916058a9d68eeafcc10ff63c12e"
            },
            "dist": {
                "type": "zip",
                "url": "https://api.github.com/repos/zendframework/zend-stdlib/zipball/b42d784bd142e916058a9d68eeafcc10ff63c12e",
                "reference": "b42d784bd142e916058a9d68eeafcc10ff63c12e",
                "shasum": ""
            },
            "require": {
                "php": ">=5.3.3"
            },
            "require-dev": {
                "fabpot/php-cs-fixer": "1.7.*",
                "phpunit/phpunit": "~4.0",
                "satooshi/php-coveralls": "dev-master",
                "zendframework/zend-eventmanager": "self.version",
                "zendframework/zend-filter": "self.version",
                "zendframework/zend-serializer": "self.version",
                "zendframework/zend-servicemanager": "self.version"
            },
            "suggest": {
                "zendframework/zend-eventmanager": "To support aggregate hydrator usage",
                "zendframework/zend-filter": "To support naming strategy hydrator usage",
                "zendframework/zend-serializer": "Zend\\Serializer component",
                "zendframework/zend-servicemanager": "To support hydrator plugin manager usage"
            },
            "type": "library",
            "extra": {
                "branch-alias": {
                    "dev-master": "2.2-dev",
                    "dev-develop": "2.3-dev"
                }
            },
            "autoload": {
                "psr-4": {
                    "Zend\\Stdlib\\": "src/"
                }
            },
            "notification-url": "https://packagist.org/downloads/",
            "license": [
                "BSD-3-Clause"
            ],
            "homepage": "https://github.com/zendframework/zend-stdlib",
            "keywords": [
                "stdlib",
                "zf2"
            ],
            "time": "2014-03-05 17:29:35"
        },
        {
            "name": "zendframework/zendpdf",
            "version": "2.0.2",
            "source": {
                "type": "git",
                "url": "https://github.com/zendframework/ZendPdf.git",
                "reference": "041f90c339cff63a3c4d03a28ef1ea5188059793"
            },
            "dist": {
                "type": "zip",
                "url": "https://api.github.com/repos/zendframework/ZendPdf/zipball/041f90c339cff63a3c4d03a28ef1ea5188059793",
                "reference": "041f90c339cff63a3c4d03a28ef1ea5188059793",
                "shasum": ""
            },
            "require": {
                "php": ">=5.3.3",
                "zendframework/zend-memory": ">=2.0.0",
                "zendframework/zend-stdlib": ">=2.0.0"
            },
            "type": "library",
            "extra": {
                "branch-alias": {
                    "dev-master": "2.0.x-dev"
                }
            },
            "autoload": {
                "psr-0": {
                    "ZendPdf\\": "library/"
                }
            },
            "notification-url": "https://packagist.org/downloads/",
            "license": [
                "BSD-3-Clause"
            ],
            "description": "Zend Pdf Component",
            "homepage": "http://packages.zendframework.com/",
            "keywords": [
                "pdf",
                "zf2"
            ],
            "time": "2012-11-16 11:16:01"
        }
    ],
    "packages-dev": [],
    "aliases": [],
    "minimum-stability": "stable",
    "stability-flags": [],
    "prefer-stable": false,
    "prefer-lowest": false,
    "platform": {
        "php": ">=5.3.9"
    },
    "platform-dev": [],
    "platform-overrides": {
        "php": "5.3.9"
    }
}
